// !$*UTF8*$!
{
	archiveVersion = 1;
	classes = {
	};
	objectVersion = 46;
	objects = {

/* Begin PBXBuildFile section */
		578E011D1A75A1B500B7E861 /* main.m in Sources */ = {isa = PBXBuildFile; fileRef = 578E011C1A75A1B500B7E861 /* main.m */; };
		578E01201A75A1B500B7E861 /* AppDelegate.m in Sources */ = {isa = PBXBuildFile; fileRef = 578E011F1A75A1B500B7E861 /* AppDelegate.m */; };
		578E01231A75A1B500B7E861 /* ViewController.m in Sources */ = {isa = PBXBuildFile; fileRef = 578E01221A75A1B500B7E861 /* ViewController.m */; };
		578E01261A75A1B500B7E861 /* Main.storyboard in Resources */ = {isa = PBXBuildFile; fileRef = 578E01241A75A1B500B7E861 /* Main.storyboard */; };
		578E01281A75A1B500B7E861 /* Images.xcassets in Resources */ = {isa = PBXBuildFile; fileRef = 578E01271A75A1B500B7E861 /* Images.xcassets */; };
		578E012B1A75A1B500B7E861 /* LaunchScreen.xib in Resources */ = {isa = PBXBuildFile; fileRef = 578E01291A75A1B500B7E861 /* LaunchScreen.xib */; };
		578E01371A75A1B500B7E861 /* AlcolatorTests.m in Sources */ = {isa = PBXBuildFile; fileRef = 578E01361A75A1B500B7E861 /* AlcolatorTests.m */; };
/* End PBXBuildFile section */

/* Begin PBXContainerItemProxy section */
		578E01311A75A1B500B7E861 /* PBXContainerItemProxy */ = {
			isa = PBXContainerItemProxy;
			containerPortal = 578E010F1A75A1B500B7E861 /* Project object */;
			proxyType = 1;
			remoteGlobalIDString = 578E01161A75A1B500B7E861;
			remoteInfo = Alcolator;
		};
/* End PBXContainerItemProxy section */

/* Begin PBXFileReference section */
		578E01171A75A1B500B7E861 /* Alcolator.app */ = {isa = PBXFileReference; explicitFileType = wrapper.application; includeInIndex = 0; path = Alcolator.app; sourceTree = BUILT_PRODUCTS_DIR; };
		578E011B1A75A1B500B7E861 /* Info.plist */ = {isa = PBXFileReference; lastKnownFileType = text.plist.xml; path = Info.plist; sourceTree = "<group>"; };
		578E011C1A75A1B500B7E861 /* main.m */ = {isa = PBXFileReference; lastKnownFileType = sourcecode.c.objc; path = main.m; sourceTree = "<group>"; };
		578E011E1A75A1B500B7E861 /* AppDelegate.h */ = {isa = PBXFileReference; lastKnownFileType = sourcecode.c.h; path = AppDelegate.h; sourceTree = "<group>"; };
		578E011F1A75A1B500B7E861 /* AppDelegate.m */ = {isa = PBXFileReference; lastKnownFileType = sourcecode.c.objc; path = AppDelegate.m; sourceTree = "<group>"; };
		578E01211A75A1B500B7E861 /* ViewController.h */ = {isa = PBXFileReference; lastKnownFileType = sourcecode.c.h; path = ViewController.h; sourceTree = "<group>"; };
		578E01221A75A1B500B7E861 /* ViewController.m */ = {isa = PBXFileReference; lastKnownFileType = sourcecode.c.objc; path = ViewController.m; sourceTree = "<group>"; };
		578E01251A75A1B500B7E861 /* Base */ = {isa = PBXFileReference; lastKnownFileType = file.storyboard; name = Base; path = Base.lproj/Main.storyboard; sourceTree = "<group>"; };
		578E01271A75A1B500B7E861 /* Images.xcassets */ = {isa = PBXFileReference; lastKnownFileType = folder.assetcatalog; path = Images.xcassets; sourceTree = "<group>"; };
		578E012A1A75A1B500B7E861 /* Base */ = {isa = PBXFileReference; lastKnownFileType = file.xib; name = Base; path = Base.lproj/LaunchScreen.xib; sourceTree = "<group>"; };
		578E01301A75A1B500B7E861 /* AlcolatorTests.xctest */ = {isa = PBXFileReference; explicitFileType = wrapper.cfbundle; includeInIndex = 0; path = AlcolatorTests.xctest; sourceTree = BUILT_PRODUCTS_DIR; };
		578E01351A75A1B500B7E861 /* Info.plist */ = {isa = PBXFileReference; lastKnownFileType = text.plist.xml; path = Info.plist; sourceTree = "<group>"; };
		578E01361A75A1B500B7E861 /* AlcolatorTests.m */ = {isa = PBXFileReference; lastKnownFileType = sourcecode.c.objc; path = AlcolatorTests.m; sourceTree = "<group>"; };
/* End PBXFileReference section */

/* Begin PBXFrameworksBuildPhase section */
		578E01141A75A1B500B7E861 /* Frameworks */ = {
			isa = PBXFrameworksBuildPhase;
			buildActionMask = 2147483647;
			files = (
			);
			runOnlyForDeploymentPostprocessing = 0;
		};
		578E012D1A75A1B500B7E861 /* Frameworks */ = {
			isa = PBXFrameworksBuildPhase;
			buildActionMask = 2147483647;
			files = (
			);
			runOnlyForDeploymentPostprocessing = 0;
		};
/* End PBXFrameworksBuildPhase section */

/* Begin PBXGroup section */
		578E010E1A75A1B400B7E861 = {
			isa = PBXGroup;
			children = (
				578E01191A75A1B500B7E861 /* Alcolator */,
				578E01331A75A1B500B7E861 /* AlcolatorTests */,
				578E01181A75A1B500B7E861 /* Products */,
			);
			sourceTree = "<group>";
		};
		578E01181A75A1B500B7E861 /* Products */ = {
			isa = PBXGroup;
			children = (
				578E01171A75A1B500B7E861 /* Alcolator.app */,
				578E01301A75A1B500B7E861 /* AlcolatorTests.xctest */,
			);
			name = Products;
			sourceTree = "<group>";
		};
		578E01191A75A1B500B7E861 /* Alcolator */ = {
			isa = PBXGroup;
			children = (
				578E011E1A75A1B500B7E861 /* AppDelegate.h */,
				578E011F1A75A1B500B7E861 /* AppDelegate.m */,
				578E01211A75A1B500B7E861 /* ViewController.h */,
				578E01221A75A1B500B7E861 /* ViewController.m */,
				578E01241A75A1B500B7E861 /* Main.storyboard */,
				578E01271A75A1B500B7E861 /* Images.xcassets */,
				578E01291A75A1B500B7E861 /* LaunchScreen.xib */,
				578E011A1A75A1B500B7E861 /* Supporting Files */,
			);
			path = Alcolator;
			sourceTree = "<group>";
		};
		578E011A1A75A1B500B7E861 /* Supporting Files */ = {
			isa = PBXGroup;
			children = (
				578E011B1A75A1B500B7E861 /* Info.plist */,
				578E011C1A75A1B500B7E861 /* main.m */,
			);
			name = "Supporting Files";
			sourceTree = "<group>";
		};
		578E01331A75A1B500B7E861 /* AlcolatorTests */ = {
			isa = PBXGroup;
			children = (
				578E01361A75A1B500B7E861 /* AlcolatorTests.m */,
				578E01341A75A1B500B7E861 /* Supporting Files */,
			);
			path = AlcolatorTests;
			sourceTree = "<group>";
		};
		578E01341A75A1B500B7E861 /* Supporting Files */ = {
			isa = PBXGroup;
			children = (
				578E01351A75A1B500B7E861 /* Info.plist */,
			);
			name = "Supporting Files";
			sourceTree = "<group>";
		};
/* End PBXGroup section */

/* Begin PBXNativeTarget section */
		578E01161A75A1B500B7E861 /* Alcolator */ = {
			isa = PBXNativeTarget;
			buildConfigurationList = 578E013A1A75A1B500B7E861 /* Build configuration list for PBXNativeTarget "Alcolator" */;
			buildPhases = (
				578E01131A75A1B500B7E861 /* Sources */,
				578E01141A75A1B500B7E861 /* Frameworks */,
				578E01151A75A1B500B7E861 /* Resources */,
			);
			buildRules = (
			);
			dependencies = (
			);
			name = Alcolator;
			productName = Alcolator;
			productReference = 578E01171A75A1B500B7E861 /* Alcolator.app */;
			productType = "com.apple.product-type.application";
		};
		578E012F1A75A1B500B7E861 /* AlcolatorTests */ = {
			isa = PBXNativeTarget;
			buildConfigurationList = 578E013D1A75A1B500B7E861 /* Build configuration list for PBXNativeTarget "AlcolatorTests" */;
			buildPhases = (
				578E012C1A75A1B500B7E861 /* Sources */,
				578E012D1A75A1B500B7E861 /* Frameworks */,
				578E012E1A75A1B500B7E861 /* Resources */,
			);
			buildRules = (
			);
			dependencies = (
				578E01321A75A1B500B7E861 /* PBXTargetDependency */,
			);
			name = AlcolatorTests;
			productName = AlcolatorTests;
			productReference = 578E01301A75A1B500B7E861 /* AlcolatorTests.xctest */;
			productType = "com.apple.product-type.bundle.unit-test";
		};
/* End PBXNativeTarget section */

/* Begin PBXProject section */
		578E010F1A75A1B500B7E861 /* Project object */ = {
			isa = PBXProject;
			attributes = {
				LastUpgradeCheck = 0610;
				ORGANIZATIONNAME = Bloc;
				TargetAttributes = {
					578E01161A75A1B500B7E861 = {
						CreatedOnToolsVersion = 6.1.1;
					};
					578E012F1A75A1B500B7E861 = {
						CreatedOnToolsVersion = 6.1.1;
						TestTargetID = 578E01161A75A1B500B7E861;
					};
				};
			};
			buildConfigurationList = 578E01121A75A1B500B7E861 /* Build configuration list for PBXProject "Alcolator" */;
			compatibilityVersion = "Xcode 3.2";
			developmentRegion = English;
			hasScannedForEncodings = 0;
			knownRegions = (
				en,
				Base,
			);
			mainGroup = 578E010E1A75A1B400B7E861;
			productRefGroup = 578E01181A75A1B500B7E861 /* Products */;
			projectDirPath = "";
			projectRoot = "";
			targets = (
				578E01161A75A1B500B7E861 /* Alcolator */,
				578E012F1A75A1B500B7E861 /* AlcolatorTests */,
			);
		};
/* End PBXProject section */

/* Begin PBXResourcesBuildPhase section */
		578E01151A75A1B500B7E861 /* Resources */ = {
			isa = PBXResourcesBuildPhase;
			buildActionMask = 2147483647;
			files = (
				578E01261A75A1B500B7E861 /* Main.storyboard in Resources */,
				578E012B1A75A1B500B7E861 /* LaunchScreen.xib in Resources */,
				578E01281A75A1B500B7E861 /* Images.xcassets in Resources */,
			);
			runOnlyForDeploymentPostprocessing = 0;
		};
		578E012E1A75A1B500B7E861 /* Resources */ = {
			isa = PBXResourcesBuildPhase;
			buildActionMask = 2147483647;
			files = (
			);
			runOnlyForDeploymentPostprocessing = 0;
		};
/* End PBXResourcesBuildPhase section */

/* Begin PBXSourcesBuildPhase section */
		578E01131A75A1B500B7E861 /* Sources */ = {
			isa = PBXSourcesBuildPhase;
			buildActionMask = 2147483647;
			files = (
				578E01231A75A1B500B7E861 /* ViewController.m in Sources */,
				578E01201A75A1B500B7E861 /* AppDelegate.m in Sources */,
				578E011D1A75A1B500B7E861 /* main.m in Sources */,
			);
			runOnlyForDeploymentPostprocessing = 0;
		};
		578E012C1A75A1B500B7E861 /* Sources */ = {
			isa = PBXSourcesBuildPhase;
			buildActionMask = 2147483647;
			files = (
				578E01371A75A1B500B7E861 /* AlcolatorTests.m in Sources */,
			);
			runOnlyForDeploymentPostprocessing = 0;
		};
/* End PBXSourcesBuildPhase section */

/* Begin PBXTargetDependency section */
		578E01321A75A1B500B7E861 /* PBXTargetDependency */ = {
			isa = PBXTargetDependency;
			target = 578E01161A75A1B500B7E861 /* Alcolator */;
			targetProxy = 578E01311A75A1B500B7E861 /* PBXContainerItemProxy */;
		};
/* End PBXTargetDependency section */

/* Begin PBXVariantGroup section */
		578E01241A75A1B500B7E861 /* Main.storyboard */ = {
			isa = PBXVariantGroup;
			children = (
				578E01251A75A1B500B7E861 /* Base */,
			);
			name = Main.storyboard;
			sourceTree = "<group>";
		};
		578E01291A75A1B500B7E861 /* LaunchScreen.xib */ = {
			isa = PBXVariantGroup;
			children = (
				578E012A1A75A1B500B7E861 /* Base */,
			);
			name = LaunchScreen.xib;
			sourceTree = "<group>";
		};
/* End PBXVariantGroup section */

/* Begin XCBuildConfiguration section */
		578E01381A75A1B500B7E861 /* Debug */ = {
			isa = XCBuildConfiguration;
			buildSettings = {
				ALWAYS_SEARCH_USER_PATHS = NO;
				CLANG_CXX_LANGUAGE_STANDARD = "gnu++0x";
				CLANG_CXX_LIBRARY = "libc++";
				CLANG_ENABLE_MODULES = YES;
				CLANG_ENABLE_OBJC_ARC = YES;
				CLANG_WARN_BOOL_CONVERSION = YES;
				CLANG_WARN_CONSTANT_CONVERSION = YES;
				CLANG_WARN_DIRECT_OBJC_ISA_USAGE = YES_ERROR;
				CLANG_WARN_EMPTY_BODY = YES;
				CLANG_WARN_ENUM_CONVERSION = YES;
				CLANG_WARN_INT_CONVERSION = YES;
				CLANG_WARN_OBJC_ROOT_CLASS = YES_ERROR;
				CLANG_WARN_UNREACHABLE_CODE = YES;
				CLANG_WARN__DUPLICATE_METHOD_MATCH = YES;
				"CODE_SIGN_IDENTITY[sdk=iphoneos*]" = "iPhone Developer";
				COPY_PHASE_STRIP = NO;
				ENABLE_STRICT_OBJC_MSGSEND = YES;
				GCC_C_LANGUAGE_STANDARD = gnu99;
				GCC_DYNAMIC_NO_PIC = NO;
				GCC_OPTIMIZATION_LEVEL = 0;
				GCC_PREPROCESSOR_DEFINITIONS = (
					"DEBUG=1",
					"$(inherited)",
				);
				GCC_SYMBOLS_PRIVATE_EXTERN = NO;
				GCC_WARN_64_TO_32_BIT_CONVERSION = YES;
				GCC_WARN_ABOUT_RETURN_TYPE = YES_ERROR;
				GCC_WARN_UNDECLARED_SELECTOR = YES;
				GCC_WARN_UNINITIALIZED_AUTOS = YES_AGGRESSIVE;
				GCC_WARN_UNUSED_FUNCTION = YES;
				GCC_WARN_UNUSED_VARIABLE = YES;
				IPHONEOS_DEPLOYMENT_TARGET = 8.1;
				MTL_ENABLE_DEBUG_INFO = YES;
				ONLY_ACTIVE_ARCH = YES;
				SDKROOT = iphoneos;
			};
			name = Debug;
		};
		578E01391A75A1B500B7E861 /* Release */ = {
			isa = XCBuildConfiguration;
			buildSettings = {
				ALWAYS_SEARCH_USER_PATHS = NO;
				CLANG_CXX_LANGUAGE_STANDARD = "gnu++0x";
				CLANG_CXX_LIBRARY = "libc++";
				CLANG_ENABLE_MODULES = YES;
				CLANG_ENABLE_OBJC_ARC = YES;
				CLANG_WARN_BOOL_CONVERSION = YES;
				CLANG_WARN_CONSTANT_CONVERSION = YES;
				CLANG_WARN_DIRECT_OBJC_ISA_USAGE = YES_ERROR;
				CLANG_WARN_EMPTY_BODY = YES;
				CLANG_WARN_ENUM_CONVERSION = YES;
				CLANG_WARN_INT_CONVERSION = YES;
				CLANG_WARN_OBJC_ROOT_CLASS = YES_ERROR;
				CLANG_WARN_UNREACHABLE_CODE = YES;
				CLANG_WARN__DUPLICATE_METHOD_MATCH = YES;
				"CODE_SIGN_IDENTITY[sdk=iphoneos*]" = "iPhone Developer";
				COPY_PHASE_STRIP = YES;
				ENABLE_NS_ASSERTIONS = NO;
				ENABLE_STRICT_OBJC_MSGSEND = YES;
				GCC_C_LANGUAGE_STANDARD = gnu99;
				GCC_WARN_64_TO_32_BIT_CONVERSION = YES;
				GCC_WARN_ABOUT_RETURN_TYPE = YES_ERROR;
				GCC_WARN_UNDECLARED_SELECTOR = YES;
				GCC_WARN_UNINITIALIZED_AUTOS = YES_AGGRESSIVE;
				GCC_WARN_UNUSED_FUNCTION = YES;
				GCC_WARN_UNUSED_VARIABLE = YES;
				IPHONEOS_DEPLOYMENT_TARGET = 8.1;
				MTL_ENABLE_DEBUG_INFO = NO;
				SDKROOT = iphoneos;
				VALIDATE_PRODUCT = YES;
			};
			name = Release;
		};
		578E013B1A75A1B500B7E861 /* Debug */ = {
			isa = XCBuildConfiguration;
			buildSettings = {
				ASSETCATALOG_COMPILER_APPICON_NAME = AppIcon;
				INFOPLIST_FILE = Alcolator/Info.plist;
				LD_RUNPATH_SEARCH_PATHS = "$(inherited) @executable_path/Frameworks";
				PRODUCT_NAME = "$(TARGET_NAME)";
			};
			name = Debug;
		};
		578E013C1A75A1B500B7E861 /* Release */ = {
			isa = XCBuildConfiguration;
			buildSettings = {
				ASSETCATALOG_COMPILER_APPICON_NAME = AppIcon;
				INFOPLIST_FILE = Alcolator/Info.plist;
				LD_RUNPATH_SEARCH_PATHS = "$(inherited) @executable_path/Frameworks";
				PRODUCT_NAME = "$(TARGET_NAME)";
			};
			name = Release;
		};
		578E013E1A75A1B500B7E861 /* Debug */ = {
			isa = XCBuildConfiguration;
			buildSettings = {
				BUNDLE_LOADER = "$(TEST_HOST)";
				FRAMEWORK_SEARCH_PATHS = (
					"$(SDKROOT)/Developer/Library/Frameworks",
					"$(inherited)",
				);
				GCC_PREPROCESSOR_DEFINITIONS = (
					"DEBUG=1",
					"$(inherited)",
				);
				INFOPLIST_FILE = AlcolatorTests/Info.plist;
				LD_RUNPATH_SEARCH_PATHS = "$(inherited) @executable_path/Frameworks @loader_path/Frameworks";
				PRODUCT_NAME = "$(TARGET_NAME)";
				TEST_HOST = "$(BUILT_PRODUCTS_DIR)/Alcolator.app/Alcolator";
			};
			name = Debug;
		};
		578E013F1A75A1B500B7E861 /* Release */ = {
			isa = XCBuildConfiguration;
			buildSettings = {
				BUNDLE_LOADER = "$(TEST_HOST)";
				FRAMEWORK_SEARCH_PATHS = (
					"$(SDKROOT)/Developer/Library/Frameworks",
					"$(inherited)",
				);
				INFOPLIST_FILE = AlcolatorTests/Info.plist;
				LD_RUNPATH_SEARCH_PATHS = "$(inherited) @executable_path/Frameworks @loader_path/Frameworks";
				PRODUCT_NAME = "$(TARGET_NAME)";
				TEST_HOST = "$(BUILT_PRODUCTS_DIR)/Alcolator.app/Alcolator";
			};
			name = Release;
		};
/* End XCBuildConfiguration section */

/* Begin XCConfigurationList section */
		578E01121A75A1B500B7E861 /* Build configuration list for PBXProject "Alcolator" */ = {
			isa = XCConfigurationList;
			buildConfigurations = (
				578E01381A75A1B500B7E861 /* Debug */,
				578E01391A75A1B500B7E861 /* Release */,
			);
			defaultConfigurationIsVisible = 0;
			defaultConfigurationName = Release;
		};
		578E013A1A75A1B500B7E861 /* Build configuration list for PBXNativeTarget "Alcolator" */ = {
			isa = XCConfigurationList;
			buildConfigurations = (
				578E013B1A75A1B500B7E861 /* Debug */,
				578E013C1A75A1B500B7E861 /* Release */,
			);
			defaultConfigurationIsVisible = 0;
		};
		578E013D1A75A1B500B7E861 /* Build configuration list for PBXNativeTarget "AlcolatorTests" */ = {
			isa = XCConfigurationList;
			buildConfigurations = (
				578E013E1A75A1B500B7E861 /* Debug */,
				578E013F1A75A1B500B7E861 /* Release */,
			);
			defaultConfigurationIsVisible = 0;
		};
/* End XCConfigurationList section */
	};
	rootObject = 578E010F1A75A1B500B7E861 /* Project object */;
}
